
Microsoft Visual Studio Solution File, Format Version 12.00
# Visual Studio 15
VisualStudioVersion = 15.0.28010.2036
MinimumVisualStudioVersion = 10.0.40219.1
Project("{FAE04EC0-301F-11D3-BF4B-00C04F79EFBC}") = "CRUDApplication", "CRUDApplication\CRUDApplication.csproj", "{5503C364-A464-4037-AD5E-7C9459D87A21}"
EndProject
Global
	GlobalSection(SolutionConfigurationPlatforms) = preSolution
		Debug|Any CPU = Debug|Any CPU
		Release|Any CPU = Release|Any CPU
	EndGlobalSection
	GlobalSection(ProjectConfigurationPlatforms) = postSolution
		{5503C364-A464-4037-AD5E-7C9459D87A21}.Debug|Any CPU.ActiveCfg = Debug|Any CPU
		{5503C364-A464-4037-AD5E-7C9459D87A21}.Debug|Any CPU.Build.0 = Debug|Any CPU
		{5503C364-A464-4037-AD5E-7C9459D87A21}.Release|Any CPU.ActiveCfg = Release|Any CPU
		{5503C364-A464-4037-AD5E-7C9459D87A21}.Release|Any CPU.Build.0 = Release|Any CPU
	EndGlobalSection
	GlobalSection(SolutionProperties) = preSolution
		HideSolutionNode = FALSE
	EndGlobalSection
	GlobalSection(ExtensibilityGlobals) = postSolution
		SolutionGuid = {8319712E-F84D-4404-81E5-CB4477132D1F}
	EndGlobalSection
EndGlobal
